<?xml version="1.0" encoding="utf-8"?>
<Project ToolsVersion="4.0" xmlns="http://schemas.microsoft.com/developer/msbuild/2003">
  <ItemGroup>
    <ClCompile Include="AnimatedMesh.cpp">
      <Filter>Source Files</Filter>
    </ClCompile>
    <ClCompile Include="AnimatedMeshHierarchy.cpp">
      <Filter>Source Files</Filter>
    </ClCompile>
    <ClCompile Include="Camera.cpp">
      <Filter>Source Files</Filter>
    </ClCompile>
    <ClCompile Include="Character.cpp">
      <Filter>Source Files</Filter>
    </ClCompile>
    <ClCompile Include="Dragon.cpp">
      <Filter>Source Files</Filter>
    </ClCompile>
    <ClCompile Include="GameState.cpp">
      <Filter>Source Files</Filter>
    </ClCompile>
    <ClCompile Include="GameTimer.cpp">
      <Filter>Source Files</Filter>
    </ClCompile>
    <ClCompile Include="GameWorld.cpp">
      <Filter>Source Files</Filter>
    </ClCompile>
    <ClCompile Include="Graphics.cpp">
      <Filter>Source Files</Filter>
    </ClCompile>
    <ClCompile Include="Input.cpp">
      <Filter>Source Files</Filter>
    </ClCompile>
    <ClCompile Include="Knight.cpp">
      <Filter>Source Files</Filter>
    </ClCompile>
    <ClCompile Include="main.cpp">
      <Filter>Source Files</Filter>
    </ClCompile>
    <ClCompile Include="MainMenu.cpp">
      <Filter>UI Files</Filter>
    </ClCompile>
    <ClCompile Include="Mesh.cpp">
      <Filter>Source Files</Filter>
    </ClCompile>
    <ClCompile Include="PSYS.cpp">
      <Filter>Source Files</Filter>
    </ClCompile>
    <ClCompile Include="Skybox.cpp">
      <Filter>Source Files</Filter>
    </ClCompile>
    <ClCompile Include="SoundEngine.cpp">
      <Filter>Source Files</Filter>
    </ClCompile>
    <ClCompile Include="Terrain.cpp">
      <Filter>Source Files</Filter>
    </ClCompile>
    <ClCompile Include="UIBase.cpp">
      <Filter>UI Files</Filter>
    </ClCompile>
    <ClCompile Include="UIControls.cpp">
      <Filter>UI Files</Filter>
    </ClCompile>
    <ClCompile Include="UIWrappers.cpp">
      <Filter>UI Files</Filter>
    </ClCompile>
    <ClCompile Include="Witch.cpp">
      <Filter>Source Files</Filter>
    </ClCompile>
    <ClCompile Include="AnimationX.cpp" />
    <ClCompile Include="Utility.cpp" />
  </ItemGroup>
  <ItemGroup>
    <ClInclude Include="AnimatedMesh.h">
      <Filter>Header Files</Filter>
    </ClInclude>
    <ClInclude Include="AnimatedMeshHierarchy.h">
      <Filter>Header Files</Filter>
    </ClInclude>
    <ClInclude Include="Camera.h">
      <Filter>Header Files</Filter>
    </ClInclude>
    <ClInclude Include="Character.h">
      <Filter>Header Files</Filter>
    </ClInclude>
    <ClInclude Include="Dragon.h">
      <Filter>Header Files</Filter>
    </ClInclude>
    <ClInclude Include="GameState.h">
      <Filter>Header Files</Filter>
    </ClInclude>
    <ClInclude Include="GameTimer.h">
      <Filter>Header Files</Filter>
    </ClInclude>
    <ClInclude Include="GameWorld.h">
      <Filter>Header Files</Filter>
    </ClInclude>
    <ClInclude Include="Graphics.h">
      <Filter>Header Files</Filter>
    </ClInclude>
    <ClInclude Include="Input.h">
      <Filter>Header Files</Filter>
    </ClInclude>
    <ClInclude Include="Knight.h">
      <Filter>Header Files</Filter>
    </ClInclude>
    <ClInclude Include="MainMenu.h">
      <Filter>UI Files</Filter>
    </ClInclude>
    <ClInclude Include="Mesh.h">
      <Filter>Header Files</Filter>
    </ClInclude>
    <ClInclude Include="PSYS.h">
      <Filter>Header Files</Filter>
    </ClInclude>
    <ClInclude Include="Skybox.h">
      <Filter>Header Files</Filter>
    </ClInclude>
    <ClInclude Include="SoundEngine.h">
      <Filter>Header Files</Filter>
    </ClInclude>
    <ClInclude Include="Terrain.h">
      <Filter>Header Files</Filter>
    </ClInclude>
    <ClInclude Include="UIBase.h">
      <Filter>UI Files</Filter>
    </ClInclude>
    <ClInclude Include="UIControls.h">
      <Filter>UI Files</Filter>
    </ClInclude>
    <ClInclude Include="UIWrappers.h">
      <Filter>UI Files</Filter>
    </ClInclude>
    <ClInclude Include="WAVE.h">
      <Filter>Header Files</Filter>
    </ClInclude>
    <ClInclude Include="Witch.h">
      <Filter>Header Files</Filter>
    </ClInclude>
    <ClInclude Include="AnimationX.h" />
    <ClInclude Include="Utility.h" />
  </ItemGroup>
  <ItemGroup>
    <Image Include="button.png">
      <Filter>UI Files\Images</Filter>
    </Image>
    <Image Include="buttonOver.png">
      <Filter>UI Files\Images</Filter>
    </Image>
    <Image Include="cursor.png">
      <Filter>UI Files\Images</Filter>
    </Image>
    <Image Include="cursor_sprite.png">
      <Filter>UI Files\Images</Filter>
    </Image>
    <Image Include="grey_background.png">
      <Filter>UI Files\Images</Filter>
    </Image>
  </ItemGroup>
  <ItemGroup>
    <Filter Include="Source Files">
      <UniqueIdentifier>{65631db0-dd85-42ec-b39c-1710c9cd07d3}</UniqueIdentifier>
    </Filter>
    <Filter Include="Header Files">
      <UniqueIdentifier>{77811d10-aabf-45b6-baff-bd32a1d51381}</UniqueIdentifier>
    </Filter>
    <Filter Include="UI Files">
      <UniqueIdentifier>{5c280896-d482-4cdb-9111-89bee7622fa0}</UniqueIdentifier>
    </Filter>
    <Filter Include="UI Files\Images">
      <UniqueIdentifier>{59764ba8-ab82-4ba1-97d5-35f185b97017}</UniqueIdentifier>
    </Filter>
  </ItemGroup>
</Project>