<?xml version="1.0" encoding="utf-8"?>
<Project ToolsVersion="4.0" xmlns="http://schemas.microsoft.com/developer/msbuild/2003">
  <ItemGroup>
    <ClCompile Include="AnimatedMesh.cpp" />
    <ClCompile Include="AnimatedMeshHierarchy.cpp" />
    <ClCompile Include="Camera.cpp" />
    <ClCompile Include="Character.cpp" />
    <ClCompile Include="Dragon.cpp" />
    <ClCompile Include="GameState.cpp" />
    <ClCompile Include="GameTimer.cpp" />
    <ClCompile Include="GameWorld.cpp" />
    <ClCompile Include="Graphics.cpp" />
    <ClCompile Include="Input.cpp" />
    <ClCompile Include="Knight.cpp" />
    <ClCompile Include="main.cpp" />
    <ClCompile Include="MainMenu.cpp" />
    <ClCompile Include="Mesh.cpp" />
    <ClCompile Include="PSYS.cpp" />
    <ClCompile Include="Skybox.cpp" />
    <ClCompile Include="SoundEngine.cpp" />
    <ClCompile Include="Terrain.cpp" />
    <ClCompile Include="UIBase.cpp" />
    <ClCompile Include="UIControls.cpp" />
    <ClCompile Include="UIWrappers.cpp" />
    <ClCompile Include="Witch.cpp" />
  </ItemGroup>
  <ItemGroup>
    <ClInclude Include="AnimatedMesh.h" />
    <ClInclude Include="AnimatedMeshHierarchy.h" />
    <ClInclude Include="Camera.h" />
    <ClInclude Include="Character.h" />
    <ClInclude Include="Dragon.h" />
    <ClInclude Include="GameState.h" />
    <ClInclude Include="GameTimer.h" />
    <ClInclude Include="GameWorld.h" />
    <ClInclude Include="Graphics.h" />
    <ClInclude Include="Input.h" />
    <ClInclude Include="Knight.h" />
    <ClInclude Include="MainMenu.h" />
    <ClInclude Include="Mesh.h" />
    <ClInclude Include="PSYS.h" />
    <ClInclude Include="Skybox.h" />
    <ClInclude Include="SoundEngine.h" />
    <ClInclude Include="Terrain.h" />
    <ClInclude Include="WAVE.h" />
    <ClInclude Include="UIBase.h" />
    <ClInclude Include="UIControls.h" />
    <ClInclude Include="UIWrappers.h" />
    <ClInclude Include="Witch.h" />
  </ItemGroup>
  <ItemGroup>
    <Image Include="button.png" />
    <Image Include="buttonOver.png" />
    <Image Include="cursor.png" />
    <Image Include="cursor_sprite.png" />
    <Image Include="grey_background.png" />
  </ItemGroup>
</Project>